
Microsoft Visual Studio Solution File, Format Version 12.00
# Visual Studio Version 17
VisualStudioVersion = 17.11.35327.3
MinimumVisualStudioVersion = 10.0.40219.1
Project("{FAE04EC0-301F-11D3-BF4B-00C04F79EFBC}") = "BaracutVladLab1", "BaracutVladLab1\BaracutVladLab1.csproj", "{F2097A79-B278-44D4-AEF3-0BFA56D7DA2B}"
EndProject
Global
	GlobalSection(SolutionConfigurationPlatforms) = preSolution
		Debug|Any CPU = Debug|Any CPU
		Release|Any CPU = Release|Any CPU
	EndGlobalSection
	GlobalSection(ProjectConfigurationPlatforms) = postSolution
		{F2097A79-B278-44D4-AEF3-0BFA56D7DA2B}.Debug|Any CPU.ActiveCfg = Debug|Any CPU
		{F2097A79-B278-44D4-AEF3-0BFA56D7DA2B}.Debug|Any CPU.Build.0 = Debug|Any CPU
		{F2097A79-B278-44D4-AEF3-0BFA56D7DA2B}.Release|Any CPU.ActiveCfg = Release|Any CPU
		{F2097A79-B278-44D4-AEF3-0BFA56D7DA2B}.Release|Any CPU.Build.0 = Release|Any CPU
	EndGlobalSection
	GlobalSection(SolutionProperties) = preSolution
		HideSolutionNode = FALSE
	EndGlobalSection
	GlobalSection(ExtensibilityGlobals) = postSolution
		SolutionGuid = {AAE8A484-025C-42EC-B34F-8687AE765B1B}
	EndGlobalSection
EndGlobal
